
Microsoft Visual Studio Solution File, Format Version 12.00
# Visual Studio Version 17
VisualStudioVersion = 17.0.31903.59
MinimumVisualStudioVersion = 10.0.40219.1
Project("{2150E333-8FDC-42A3-9474-1A3956D46DE8}") = "src", "src", "{0F6299F5-F3E5-4246-9D1E-C47E3FE2A899}"
EndProject
Project("{FAE04EC0-301F-11D3-BF4B-00C04F79EFBC}") = "IncidentIQ.Domain", "src\IncidentIQ.Domain\IncidentIQ.Domain.csproj", "{4F4E8280-E9C6-452C-B79A-AF0E119A8BFE}"
EndProject
Project("{FAE04EC0-301F-11D3-BF4B-00C04F79EFBC}") = "IncidentIQ.Application", "src\IncidentIQ.Application\IncidentIQ.Application.csproj", "{6E664C20-8BD0-4C30-AF8F-767DC4FAC5C6}"
EndProject
Project("{FAE04EC0-301F-11D3-BF4B-00C04F79EFBC}") = "IncidentIQ.Infrastructure", "src\IncidentIQ.Infrastructure\IncidentIQ.Infrastructure.csproj", "{97FFA00D-BE53-4C16-9D3E-BE953C5AEA9A}"
EndProject
Project("{FAE04EC0-301F-11D3-BF4B-00C04F79EFBC}") = "IncidentIQ.Web", "src\IncidentIQ.Web\IncidentIQ.Web.csproj", "{B5EAF609-F076-4CDA-AAD0-4DB624EA65F4}"
EndProject
Global
	GlobalSection(SolutionConfigurationPlatforms) = preSolution
		Debug|Any CPU = Debug|Any CPU
		Release|Any CPU = Release|Any CPU
	EndGlobalSection
	GlobalSection(SolutionProperties) = preSolution
		HideSolutionNode = FALSE
	EndGlobalSection
	GlobalSection(ProjectConfigurationPlatforms) = postSolution
		{4F4E8280-E9C6-452C-B79A-AF0E119A8BFE}.Debug|Any CPU.ActiveCfg = Debug|Any CPU
		{4F4E8280-E9C6-452C-B79A-AF0E119A8BFE}.Debug|Any CPU.Build.0 = Debug|Any CPU
		{4F4E8280-E9C6-452C-B79A-AF0E119A8BFE}.Release|Any CPU.ActiveCfg = Release|Any CPU
		{4F4E8280-E9C6-452C-B79A-AF0E119A8BFE}.Release|Any CPU.Build.0 = Release|Any CPU
		{6E664C20-8BD0-4C30-AF8F-767DC4FAC5C6}.Debug|Any CPU.ActiveCfg = Debug|Any CPU
		{6E664C20-8BD0-4C30-AF8F-767DC4FAC5C6}.Debug|Any CPU.Build.0 = Debug|Any CPU
		{6E664C20-8BD0-4C30-AF8F-767DC4FAC5C6}.Release|Any CPU.ActiveCfg = Release|Any CPU
		{6E664C20-8BD0-4C30-AF8F-767DC4FAC5C6}.Release|Any CPU.Build.0 = Release|Any CPU
		{97FFA00D-BE53-4C16-9D3E-BE953C5AEA9A}.Debug|Any CPU.ActiveCfg = Debug|Any CPU
		{97FFA00D-BE53-4C16-9D3E-BE953C5AEA9A}.Debug|Any CPU.Build.0 = Debug|Any CPU
		{97FFA00D-BE53-4C16-9D3E-BE953C5AEA9A}.Release|Any CPU.ActiveCfg = Release|Any CPU
		{97FFA00D-BE53-4C16-9D3E-BE953C5AEA9A}.Release|Any CPU.Build.0 = Release|Any CPU
		{B5EAF609-F076-4CDA-AAD0-4DB624EA65F4}.Debug|Any CPU.ActiveCfg = Debug|Any CPU
		{B5EAF609-F076-4CDA-AAD0-4DB624EA65F4}.Debug|Any CPU.Build.0 = Debug|Any CPU
		{B5EAF609-F076-4CDA-AAD0-4DB624EA65F4}.Release|Any CPU.ActiveCfg = Release|Any CPU
		{B5EAF609-F076-4CDA-AAD0-4DB624EA65F4}.Release|Any CPU.Build.0 = Release|Any CPU
	EndGlobalSection
	GlobalSection(NestedProjects) = preSolution
		{4F4E8280-E9C6-452C-B79A-AF0E119A8BFE} = {0F6299F5-F3E5-4246-9D1E-C47E3FE2A899}
		{6E664C20-8BD0-4C30-AF8F-767DC4FAC5C6} = {0F6299F5-F3E5-4246-9D1E-C47E3FE2A899}
		{97FFA00D-BE53-4C16-9D3E-BE953C5AEA9A} = {0F6299F5-F3E5-4246-9D1E-C47E3FE2A899}
		{B5EAF609-F076-4CDA-AAD0-4DB624EA65F4} = {0F6299F5-F3E5-4246-9D1E-C47E3FE2A899}
	EndGlobalSection
EndGlobal
